
Microsoft Visual Studio Solution File, Format Version 12.00
# Visual Studio 15
VisualStudioVersion = 15.0.27703.2035
MinimumVisualStudioVersion = 10.0.40219.1
Project("{9A19103F-16F7-4668-BE54-9A1E7A4F7556}") = "Phantasma.AssemblerConsole", "PhantasmaAssembler\Phantasma.AssemblerConsole.csproj", "{EB7F3910-25DF-423D-B6A5-26ABC4D443D7}"
EndProject
Project("{9A19103F-16F7-4668-BE54-9A1E7A4F7556}") = "Phantasma.AssemblerLib", "PhantasmaAssemblerLib\Phantasma.AssemblerLib.csproj", "{A0DB4B55-D82F-4CEB-B8E7-1EFEF8024EA6}"
EndProject
Project("{9A19103F-16F7-4668-BE54-9A1E7A4F7556}") = "Phantasma.Core", "..\PhantasmaChain\Phantasma.Core\Phantasma.Core.csproj", "{007C95C8-BDE5-4C78-BB22-F53B240DCFF0}"
EndProject
Project("{9A19103F-16F7-4668-BE54-9A1E7A4F7556}") = "Phantasma.Cryptography", "..\PhantasmaChain\Phantasma.Cryptography\Phantasma.Cryptography.csproj", "{3378F166-A702-4003-9807-FF2168341B9F}"
EndProject
Project("{9A19103F-16F7-4668-BE54-9A1E7A4F7556}") = "Phantasma.VM", "..\PhantasmaChain\Phantasma.VM\Phantasma.VM.csproj", "{9F3AC06C-4FF6-43EA-AAFA-3859391C5F63}"
EndProject
Project("{9A19103F-16F7-4668-BE54-9A1E7A4F7556}") = "Phantasma.Blockchain", "..\PhantasmaChain\Phantasma.Blockchain\Phantasma.Blockchain.csproj", "{840CC189-5A5B-4A48-8115-80E858A1D38E}"
EndProject
Project("{9A19103F-16F7-4668-BE54-9A1E7A4F7556}") = "Phantasma.IO", "..\PhantasmaChain\Phantasma.IO\Phantasma.IO.csproj", "{5501EB05-86E4-43DA-9C09-F4FCE61F48A8}"
EndProject
Project("{9A19103F-16F7-4668-BE54-9A1E7A4F7556}") = "Phantasma.Numerics", "..\PhantasmaChain\Phantasma.Numerics\Phantasma.Numerics.csproj", "{AF43F36B-415E-45F1-87D2-924CEED627A4}"
EndProject
Global
	GlobalSection(SolutionConfigurationPlatforms) = preSolution
		Debug|Any CPU = Debug|Any CPU
		Release|Any CPU = Release|Any CPU
	EndGlobalSection
	GlobalSection(ProjectConfigurationPlatforms) = postSolution
		{EB7F3910-25DF-423D-B6A5-26ABC4D443D7}.Debug|Any CPU.ActiveCfg = Debug|Any CPU
		{EB7F3910-25DF-423D-B6A5-26ABC4D443D7}.Debug|Any CPU.Build.0 = Debug|Any CPU
		{EB7F3910-25DF-423D-B6A5-26ABC4D443D7}.Release|Any CPU.ActiveCfg = Release|Any CPU
		{EB7F3910-25DF-423D-B6A5-26ABC4D443D7}.Release|Any CPU.Build.0 = Release|Any CPU
		{A0DB4B55-D82F-4CEB-B8E7-1EFEF8024EA6}.Debug|Any CPU.ActiveCfg = Debug|Any CPU
		{A0DB4B55-D82F-4CEB-B8E7-1EFEF8024EA6}.Debug|Any CPU.Build.0 = Debug|Any CPU
		{A0DB4B55-D82F-4CEB-B8E7-1EFEF8024EA6}.Release|Any CPU.ActiveCfg = Release|Any CPU
		{A0DB4B55-D82F-4CEB-B8E7-1EFEF8024EA6}.Release|Any CPU.Build.0 = Release|Any CPU
		{007C95C8-BDE5-4C78-BB22-F53B240DCFF0}.Debug|Any CPU.ActiveCfg = Debug|Any CPU
		{007C95C8-BDE5-4C78-BB22-F53B240DCFF0}.Debug|Any CPU.Build.0 = Debug|Any CPU
		{007C95C8-BDE5-4C78-BB22-F53B240DCFF0}.Release|Any CPU.ActiveCfg = Release|Any CPU
		{007C95C8-BDE5-4C78-BB22-F53B240DCFF0}.Release|Any CPU.Build.0 = Release|Any CPU
		{3378F166-A702-4003-9807-FF2168341B9F}.Debug|Any CPU.ActiveCfg = Debug|Any CPU
		{3378F166-A702-4003-9807-FF2168341B9F}.Debug|Any CPU.Build.0 = Debug|Any CPU
		{3378F166-A702-4003-9807-FF2168341B9F}.Release|Any CPU.ActiveCfg = Release|Any CPU
		{3378F166-A702-4003-9807-FF2168341B9F}.Release|Any CPU.Build.0 = Release|Any CPU
		{9F3AC06C-4FF6-43EA-AAFA-3859391C5F63}.Debug|Any CPU.ActiveCfg = Debug|Any CPU
		{9F3AC06C-4FF6-43EA-AAFA-3859391C5F63}.Debug|Any CPU.Build.0 = Debug|Any CPU
		{9F3AC06C-4FF6-43EA-AAFA-3859391C5F63}.Release|Any CPU.ActiveCfg = Release|Any CPU
		{9F3AC06C-4FF6-43EA-AAFA-3859391C5F63}.Release|Any CPU.Build.0 = Release|Any CPU
		{840CC189-5A5B-4A48-8115-80E858A1D38E}.Debug|Any CPU.ActiveCfg = Debug|Any CPU
		{840CC189-5A5B-4A48-8115-80E858A1D38E}.Debug|Any CPU.Build.0 = Debug|Any CPU
		{840CC189-5A5B-4A48-8115-80E858A1D38E}.Release|Any CPU.ActiveCfg = Release|Any CPU
		{840CC189-5A5B-4A48-8115-80E858A1D38E}.Release|Any CPU.Build.0 = Release|Any CPU
		{5501EB05-86E4-43DA-9C09-F4FCE61F48A8}.Debug|Any CPU.ActiveCfg = Debug|Any CPU
		{5501EB05-86E4-43DA-9C09-F4FCE61F48A8}.Debug|Any CPU.Build.0 = Debug|Any CPU
		{5501EB05-86E4-43DA-9C09-F4FCE61F48A8}.Release|Any CPU.ActiveCfg = Release|Any CPU
		{5501EB05-86E4-43DA-9C09-F4FCE61F48A8}.Release|Any CPU.Build.0 = Release|Any CPU
		{AF43F36B-415E-45F1-87D2-924CEED627A4}.Debug|Any CPU.ActiveCfg = Debug|Any CPU
		{AF43F36B-415E-45F1-87D2-924CEED627A4}.Debug|Any CPU.Build.0 = Debug|Any CPU
		{AF43F36B-415E-45F1-87D2-924CEED627A4}.Release|Any CPU.ActiveCfg = Release|Any CPU
		{AF43F36B-415E-45F1-87D2-924CEED627A4}.Release|Any CPU.Build.0 = Release|Any CPU
	EndGlobalSection
	GlobalSection(SolutionProperties) = preSolution
		HideSolutionNode = FALSE
	EndGlobalSection
	GlobalSection(ExtensibilityGlobals) = postSolution
		SolutionGuid = {FF027F2E-7D9B-430C-B78F-45DAEF8B5651}
	EndGlobalSection
EndGlobal
